
Microsoft Visual Studio Solution File, Format Version 12.00
# Visual Studio Version 17
VisualStudioVersion = 17.0.31903.59
MinimumVisualStudioVersion = 10.0.40219.1
Project("{2150E333-8FDC-42A3-9474-1A3956D46DE8}") = "Components", "Components", "{FA221257-90BE-49CF-B4F0-7D5B59C92690}"
EndProject
Project("{9A19103F-16F7-4668-BE54-9A1E7A4F7556}") = "Application", "Components\Application\Application.csproj", "{089F5FA1-D79F-421A-B7C5-DCDBC62086BE}"
EndProject
Project("{9A19103F-16F7-4668-BE54-9A1E7A4F7556}") = "Domain", "Components\Domain\Domain.csproj", "{7295572F-30CF-44B5-8FD3-4695FB5C81C7}"
EndProject
Project("{9A19103F-16F7-4668-BE54-9A1E7A4F7556}") = "EventBus", "Components\EventBus\EventBus.csproj", "{7E39E664-5248-4DBF-89A6-DC213403D394}"
EndProject
Project("{9A19103F-16F7-4668-BE54-9A1E7A4F7556}") = "Shared", "Components\Shared\Shared.csproj", "{8EB0F91B-87A8-4776-8E77-0DA10D3ADDE3}"
EndProject
Project("{FAE04EC0-301F-11D3-BF4B-00C04F79EFBC}") = "EventBus.RabbitMQ", "Components\EventBus.RabbitMQ\EventBus.RabbitMQ.csproj", "{9E022412-3275-429B-B845-AA037280D23D}"
EndProject
Project("{FAE04EC0-301F-11D3-BF4B-00C04F79EFBC}") = "Infra", "Components\Infra\Infra.csproj", "{018C1D02-5C5F-4217-A5C0-A62536B2EB42}"
EndProject
Project("{FAE04EC0-301F-11D3-BF4B-00C04F79EFBC}") = "Infra.EFCore", "Components\Infra.EFCore\Infra.EFCore.csproj", "{7E8858BB-9AC8-4D47-90C8-07DC5229B22F}"
EndProject
Project("{FAE04EC0-301F-11D3-BF4B-00C04F79EFBC}") = "Infra.ElasticSearch", "Components\Infra.ElasticSearch\Infra.ElasticSearch.csproj", "{EB9EF14D-7458-48BA-90D4-5FF4AA8FBF23}"
EndProject
Project("{FAE04EC0-301F-11D3-BF4B-00C04F79EFBC}") = "Infra.MongoDB", "Components\Infra.MongoDB\Infra.MongoDB.csproj", "{17B88680-AEF0-4C4E-8E9C-07E44C6E5553}"
EndProject
Project("{FAE04EC0-301F-11D3-BF4B-00C04F79EFBC}") = "EventBus.Helper", "Components\EventBus.Helper\EventBus.Helper.csproj", "{8629865A-1EDB-4918-8BF3-CE502F7B8EFD}"
EndProject
Global
	GlobalSection(SolutionConfigurationPlatforms) = preSolution
		Debug|Any CPU = Debug|Any CPU
		Release|Any CPU = Release|Any CPU
	EndGlobalSection
	GlobalSection(ProjectConfigurationPlatforms) = postSolution
		{089F5FA1-D79F-421A-B7C5-DCDBC62086BE}.Debug|Any CPU.ActiveCfg = Debug|Any CPU
		{089F5FA1-D79F-421A-B7C5-DCDBC62086BE}.Debug|Any CPU.Build.0 = Debug|Any CPU
		{089F5FA1-D79F-421A-B7C5-DCDBC62086BE}.Release|Any CPU.ActiveCfg = Release|Any CPU
		{089F5FA1-D79F-421A-B7C5-DCDBC62086BE}.Release|Any CPU.Build.0 = Release|Any CPU
		{7295572F-30CF-44B5-8FD3-4695FB5C81C7}.Debug|Any CPU.ActiveCfg = Debug|Any CPU
		{7295572F-30CF-44B5-8FD3-4695FB5C81C7}.Debug|Any CPU.Build.0 = Debug|Any CPU
		{7295572F-30CF-44B5-8FD3-4695FB5C81C7}.Release|Any CPU.ActiveCfg = Release|Any CPU
		{7295572F-30CF-44B5-8FD3-4695FB5C81C7}.Release|Any CPU.Build.0 = Release|Any CPU
		{7E39E664-5248-4DBF-89A6-DC213403D394}.Debug|Any CPU.ActiveCfg = Debug|Any CPU
		{7E39E664-5248-4DBF-89A6-DC213403D394}.Debug|Any CPU.Build.0 = Debug|Any CPU
		{7E39E664-5248-4DBF-89A6-DC213403D394}.Release|Any CPU.ActiveCfg = Release|Any CPU
		{7E39E664-5248-4DBF-89A6-DC213403D394}.Release|Any CPU.Build.0 = Release|Any CPU
		{8EB0F91B-87A8-4776-8E77-0DA10D3ADDE3}.Debug|Any CPU.ActiveCfg = Debug|Any CPU
		{8EB0F91B-87A8-4776-8E77-0DA10D3ADDE3}.Debug|Any CPU.Build.0 = Debug|Any CPU
		{8EB0F91B-87A8-4776-8E77-0DA10D3ADDE3}.Release|Any CPU.ActiveCfg = Release|Any CPU
		{8EB0F91B-87A8-4776-8E77-0DA10D3ADDE3}.Release|Any CPU.Build.0 = Release|Any CPU
		{9E022412-3275-429B-B845-AA037280D23D}.Debug|Any CPU.ActiveCfg = Debug|Any CPU
		{9E022412-3275-429B-B845-AA037280D23D}.Debug|Any CPU.Build.0 = Debug|Any CPU
		{9E022412-3275-429B-B845-AA037280D23D}.Release|Any CPU.ActiveCfg = Release|Any CPU
		{9E022412-3275-429B-B845-AA037280D23D}.Release|Any CPU.Build.0 = Release|Any CPU
		{018C1D02-5C5F-4217-A5C0-A62536B2EB42}.Debug|Any CPU.ActiveCfg = Debug|Any CPU
		{018C1D02-5C5F-4217-A5C0-A62536B2EB42}.Debug|Any CPU.Build.0 = Debug|Any CPU
		{018C1D02-5C5F-4217-A5C0-A62536B2EB42}.Release|Any CPU.ActiveCfg = Release|Any CPU
		{018C1D02-5C5F-4217-A5C0-A62536B2EB42}.Release|Any CPU.Build.0 = Release|Any CPU
		{7E8858BB-9AC8-4D47-90C8-07DC5229B22F}.Debug|Any CPU.ActiveCfg = Debug|Any CPU
		{7E8858BB-9AC8-4D47-90C8-07DC5229B22F}.Debug|Any CPU.Build.0 = Debug|Any CPU
		{7E8858BB-9AC8-4D47-90C8-07DC5229B22F}.Release|Any CPU.ActiveCfg = Release|Any CPU
		{7E8858BB-9AC8-4D47-90C8-07DC5229B22F}.Release|Any CPU.Build.0 = Release|Any CPU
		{EB9EF14D-7458-48BA-90D4-5FF4AA8FBF23}.Debug|Any CPU.ActiveCfg = Debug|Any CPU
		{EB9EF14D-7458-48BA-90D4-5FF4AA8FBF23}.Debug|Any CPU.Build.0 = Debug|Any CPU
		{EB9EF14D-7458-48BA-90D4-5FF4AA8FBF23}.Release|Any CPU.ActiveCfg = Release|Any CPU
		{EB9EF14D-7458-48BA-90D4-5FF4AA8FBF23}.Release|Any CPU.Build.0 = Release|Any CPU
		{17B88680-AEF0-4C4E-8E9C-07E44C6E5553}.Debug|Any CPU.ActiveCfg = Debug|Any CPU
		{17B88680-AEF0-4C4E-8E9C-07E44C6E5553}.Debug|Any CPU.Build.0 = Debug|Any CPU
		{17B88680-AEF0-4C4E-8E9C-07E44C6E5553}.Release|Any CPU.ActiveCfg = Release|Any CPU
		{17B88680-AEF0-4C4E-8E9C-07E44C6E5553}.Release|Any CPU.Build.0 = Release|Any CPU
		{8629865A-1EDB-4918-8BF3-CE502F7B8EFD}.Debug|Any CPU.ActiveCfg = Debug|Any CPU
		{8629865A-1EDB-4918-8BF3-CE502F7B8EFD}.Debug|Any CPU.Build.0 = Debug|Any CPU
		{8629865A-1EDB-4918-8BF3-CE502F7B8EFD}.Release|Any CPU.ActiveCfg = Release|Any CPU
		{8629865A-1EDB-4918-8BF3-CE502F7B8EFD}.Release|Any CPU.Build.0 = Release|Any CPU
	EndGlobalSection
	GlobalSection(SolutionProperties) = preSolution
		HideSolutionNode = FALSE
	EndGlobalSection
	GlobalSection(NestedProjects) = preSolution
		{089F5FA1-D79F-421A-B7C5-DCDBC62086BE} = {FA221257-90BE-49CF-B4F0-7D5B59C92690}
		{7295572F-30CF-44B5-8FD3-4695FB5C81C7} = {FA221257-90BE-49CF-B4F0-7D5B59C92690}
		{7E39E664-5248-4DBF-89A6-DC213403D394} = {FA221257-90BE-49CF-B4F0-7D5B59C92690}
		{8EB0F91B-87A8-4776-8E77-0DA10D3ADDE3} = {FA221257-90BE-49CF-B4F0-7D5B59C92690}
		{9E022412-3275-429B-B845-AA037280D23D} = {FA221257-90BE-49CF-B4F0-7D5B59C92690}
		{018C1D02-5C5F-4217-A5C0-A62536B2EB42} = {FA221257-90BE-49CF-B4F0-7D5B59C92690}
		{7E8858BB-9AC8-4D47-90C8-07DC5229B22F} = {FA221257-90BE-49CF-B4F0-7D5B59C92690}
		{EB9EF14D-7458-48BA-90D4-5FF4AA8FBF23} = {FA221257-90BE-49CF-B4F0-7D5B59C92690}
		{17B88680-AEF0-4C4E-8E9C-07E44C6E5553} = {FA221257-90BE-49CF-B4F0-7D5B59C92690}
		{8629865A-1EDB-4918-8BF3-CE502F7B8EFD} = {FA221257-90BE-49CF-B4F0-7D5B59C92690}
	EndGlobalSection
	GlobalSection(ExtensibilityGlobals) = postSolution
		SolutionGuid = {89AB46C4-AC47-46CC-ACBF-30AEB0A71660}
	EndGlobalSection
EndGlobal
